// !$*UTF8*$!
{
	archiveVersion = 1;
	classes = {
	};
	objectVersion = 46;
	objects = {

/* Begin PBXBuildFile section */
		D387C6411C6758BE0002F142 /* AppDelegate.swift in Sources */ = {isa = PBXBuildFile; fileRef = D387C6401C6758BE0002F142 /* AppDelegate.swift */; };
		D387C6431C6758BE0002F142 /* ViewController.swift in Sources */ = {isa = PBXBuildFile; fileRef = D387C6421C6758BE0002F142 /* ViewController.swift */; };
		D387C6461C6758BE0002F142 /* Main.storyboard in Resources */ = {isa = PBXBuildFile; fileRef = D387C6441C6758BE0002F142 /* Main.storyboard */; };
		D387C6481C6758BE0002F142 /* Assets.xcassets in Resources */ = {isa = PBXBuildFile; fileRef = D387C6471C6758BE0002F142 /* Assets.xcassets */; };
		D387C64B1C6758BE0002F142 /* LaunchScreen.storyboard in Resources */ = {isa = PBXBuildFile; fileRef = D387C6491C6758BE0002F142 /* LaunchScreen.storyboard */; };
		D387C6561C6758BE0002F142 /* newAppTests.swift in Sources */ = {isa = PBXBuildFile; fileRef = D387C6551C6758BE0002F142 /* newAppTests.swift */; };
		D387C6611C6758BE0002F142 /* newAppUITests.swift in Sources */ = {isa = PBXBuildFile; fileRef = D387C6601C6758BE0002F142 /* newAppUITests.swift */; };
/* End PBXBuildFile section */

/* Begin PBXContainerItemProxy section */
		D387C6521C6758BE0002F142 /* PBXContainerItemProxy */ = {
			isa = PBXContainerItemProxy;
			containerPortal = D387C6351C6758BE0002F142 /* Project object */;
			proxyType = 1;
			remoteGlobalIDString = D387C63C1C6758BE0002F142;
			remoteInfo = newApp;
		};
		D387C65D1C6758BE0002F142 /* PBXContainerItemProxy */ = {
			isa = PBXContainerItemProxy;
			containerPortal = D387C6351C6758BE0002F142 /* Project object */;
			proxyType = 1;
			remoteGlobalIDString = D387C63C1C6758BE0002F142;
			remoteInfo = newApp;
		};
/* End PBXContainerItemProxy section */

/* Begin PBXFileReference section */
		D387C63D1C6758BE0002F142 /* newApp.app */ = {isa = PBXFileReference; explicitFileType = wrapper.application; includeInIndex = 0; path = newApp.app; sourceTree = BUILT_PRODUCTS_DIR; };
		D387C6401C6758BE0002F142 /* AppDelegate.swift */ = {isa = PBXFileReference; lastKnownFileType = sourcecode.swift; path = AppDelegate.swift; sourceTree = "<group>"; };
		D387C6421C6758BE0002F142 /* ViewController.swift */ = {isa = PBXFileReference; lastKnownFileType = sourcecode.swift; path = ViewController.swift; sourceTree = "<group>"; };
		D387C6451C6758BE0002F142 /* Base */ = {isa = PBXFileReference; lastKnownFileType = file.storyboard; name = Base; path = Base.lproj/Main.storyboard; sourceTree = "<group>"; };
		D387C6471C6758BE0002F142 /* Assets.xcassets */ = {isa = PBXFileReference; lastKnownFileType = folder.assetcatalog; path = Assets.xcassets; sourceTree = "<group>"; };
		D387C64A1C6758BE0002F142 /* Base */ = {isa = PBXFileReference; lastKnownFileType = file.storyboard; name = Base; path = Base.lproj/LaunchScreen.storyboard; sourceTree = "<group>"; };
		D387C64C1C6758BE0002F142 /* Info.plist */ = {isa = PBXFileReference; lastKnownFileType = text.plist.xml; path = Info.plist; sourceTree = "<group>"; };
		D387C6511C6758BE0002F142 /* newAppTests.xctest */ = {isa = PBXFileReference; explicitFileType = wrapper.cfbundle; includeInIndex = 0; path = newAppTests.xctest; sourceTree = BUILT_PRODUCTS_DIR; };
		D387C6551C6758BE0002F142 /* newAppTests.swift */ = {isa = PBXFileReference; lastKnownFileType = sourcecode.swift; path = newAppTests.swift; sourceTree = "<group>"; };
		D387C6571C6758BE0002F142 /* Info.plist */ = {isa = PBXFileReference; lastKnownFileType = text.plist.xml; path = Info.plist; sourceTree = "<group>"; };
		D387C65C1C6758BE0002F142 /* newAppUITests.xctest */ = {isa = PBXFileReference; explicitFileType = wrapper.cfbundle; includeInIndex = 0; path = newAppUITests.xctest; sourceTree = BUILT_PRODUCTS_DIR; };
		D387C6601C6758BE0002F142 /* newAppUITests.swift */ = {isa = PBXFileReference; lastKnownFileType = sourcecode.swift; path = newAppUITests.swift; sourceTree = "<group>"; };
		D387C6621C6758BE0002F142 /* Info.plist */ = {isa = PBXFileReference; lastKnownFileType = text.plist.xml; path = Info.plist; sourceTree = "<group>"; };
/* End PBXFileReference section */

/* Begin PBXFrameworksBuildPhase section */
		D387C63A1C6758BE0002F142 /* Frameworks */ = {
			isa = PBXFrameworksBuildPhase;
			buildActionMask = 2147483647;
			files = (
			);
			runOnlyForDeploymentPostprocessing = 0;
		};
		D387C64E1C6758BE0002F142 /* Frameworks */ = {
			isa = PBXFrameworksBuildPhase;
			buildActionMask = 2147483647;
			files = (
			);
			runOnlyForDeploymentPostprocessing = 0;
		};
		D387C6591C6758BE0002F142 /* Frameworks */ = {
			isa = PBXFrameworksBuildPhase;
			buildActionMask = 2147483647;
			files = (
			);
			runOnlyForDeploymentPostprocessing = 0;
		};
/* End PBXFrameworksBuildPhase section */

/* Begin PBXGroup section */
		D387C6341C6758BE0002F142 = {
			isa = PBXGroup;
			children = (
				D387C63F1C6758BE0002F142 /* newApp */,
				D387C6541C6758BE0002F142 /* newAppTests */,
				D387C65F1C6758BE0002F142 /* newAppUITests */,
				D387C63E1C6758BE0002F142 /* Products */,
			);
			sourceTree = "<group>";
		};
		D387C63E1C6758BE0002F142 /* Products */ = {
			isa = PBXGroup;
			children = (
				D387C63D1C6758BE0002F142 /* newApp.app */,
				D387C6511C6758BE0002F142 /* newAppTests.xctest */,
				D387C65C1C6758BE0002F142 /* newAppUITests.xctest */,
			);
			name = Products;
			sourceTree = "<group>";
		};
		D387C63F1C6758BE0002F142 /* newApp */ = {
			isa = PBXGroup;
			children = (
				D387C6401C6758BE0002F142 /* AppDelegate.swift */,
				D387C6421C6758BE0002F142 /* ViewController.swift */,
				D387C6441C6758BE0002F142 /* Main.storyboard */,
				D387C6471C6758BE0002F142 /* Assets.xcassets */,
				D387C6491C6758BE0002F142 /* LaunchScreen.storyboard */,
				D387C64C1C6758BE0002F142 /* Info.plist */,
			);
			path = newApp;
			sourceTree = "<group>";
		};
		D387C6541C6758BE0002F142 /* newAppTests */ = {
			isa = PBXGroup;
			children = (
				D387C6551C6758BE0002F142 /* newAppTests.swift */,
				D387C6571C6758BE0002F142 /* Info.plist */,
			);
			path = newAppTests;
			sourceTree = "<group>";
		};
		D387C65F1C6758BE0002F142 /* newAppUITests */ = {
			isa = PBXGroup;
			children = (
				D387C6601C6758BE0002F142 /* newAppUITests.swift */,
				D387C6621C6758BE0002F142 /* Info.plist */,
			);
			path = newAppUITests;
			sourceTree = "<group>";
		};
/* End PBXGroup section */

/* Begin PBXNativeTarget section */
		D387C63C1C6758BE0002F142 /* newApp */ = {
			isa = PBXNativeTarget;
			buildConfigurationList = D387C6651C6758BE0002F142 /* Build configuration list for PBXNativeTarget "newApp" */;
			buildPhases = (
				D387C6391C6758BE0002F142 /* Sources */,
				D387C63A1C6758BE0002F142 /* Frameworks */,
				D387C63B1C6758BE0002F142 /* Resources */,
			);
			buildRules = (
			);
			dependencies = (
			);
			name = newApp;
			productName = newApp;
			productReference = D387C63D1C6758BE0002F142 /* newApp.app */;
			productType = "com.apple.product-type.application";
		};
		D387C6501C6758BE0002F142 /* newAppTests */ = {
			isa = PBXNativeTarget;
			buildConfigurationList = D387C6681C6758BE0002F142 /* Build configuration list for PBXNativeTarget "newAppTests" */;
			buildPhases = (
				D387C64D1C6758BE0002F142 /* Sources */,
				D387C64E1C6758BE0002F142 /* Frameworks */,
				D387C64F1C6758BE0002F142 /* Resources */,
			);
			buildRules = (
			);
			dependencies = (
				D387C6531C6758BE0002F142 /* PBXTargetDependency */,
			);
			name = newAppTests;
			productName = newAppTests;
			productReference = D387C6511C6758BE0002F142 /* newAppTests.xctest */;
			productType = "com.apple.product-type.bundle.unit-test";
		};
		D387C65B1C6758BE0002F142 /* newAppUITests */ = {
			isa = PBXNativeTarget;
			buildConfigurationList = D387C66B1C6758BE0002F142 /* Build configuration list for PBXNativeTarget "newAppUITests" */;
			buildPhases = (
				D387C6581C6758BE0002F142 /* Sources */,
				D387C6591C6758BE0002F142 /* Frameworks */,
				D387C65A1C6758BE0002F142 /* Resources */,
			);
			buildRules = (
			);
			dependencies = (
				D387C65E1C6758BE0002F142 /* PBXTargetDependency */,
			);
			name = newAppUITests;
			productName = newAppUITests;
			productReference = D387C65C1C6758BE0002F142 /* newAppUITests.xctest */;
			productType = "com.apple.product-type.bundle.ui-testing";
		};
/* End PBXNativeTarget section */

/* Begin PBXProject section */
		D387C6351C6758BE0002F142 /* Project object */ = {
			isa = PBXProject;
			attributes = {
				LastSwiftUpdateCheck = 0720;
				LastUpgradeCheck = 0720;
				ORGANIZATIONNAME = BrianApps;
				TargetAttributes = {
					D387C63C1C6758BE0002F142 = {
						CreatedOnToolsVersion = 7.2;
					};
					D387C6501C6758BE0002F142 = {
						CreatedOnToolsVersion = 7.2;
						TestTargetID = D387C63C1C6758BE0002F142;
					};
					D387C65B1C6758BE0002F142 = {
						CreatedOnToolsVersion = 7.2;
						TestTargetID = D387C63C1C6758BE0002F142;
					};
				};
			};
			buildConfigurationList = D387C6381C6758BE0002F142 /* Build configuration list for PBXProject "newApp" */;
			compatibilityVersion = "Xcode 3.2";
			developmentRegion = English;
			hasScannedForEncodings = 0;
			knownRegions = (
				en,
				Base,
			);
			mainGroup = D387C6341C6758BE0002F142;
			productRefGroup = D387C63E1C6758BE0002F142 /* Products */;
			projectDirPath = "";
			projectRoot = "";
			targets = (
				D387C63C1C6758BE0002F142 /* newApp */,
				D387C6501C6758BE0002F142 /* newAppTests */,
				D387C65B1C6758BE0002F142 /* newAppUITests */,
			);
		};
/* End PBXProject section */

/* Begin PBXResourcesBuildPhase section */
		D387C63B1C6758BE0002F142 /* Resources */ = {
			isa = PBXResourcesBuildPhase;
			buildActionMask = 2147483647;
			files = (
				D387C64B1C6758BE0002F142 /* LaunchScreen.storyboard in Resources */,
				D387C6481C6758BE0002F142 /* Assets.xcassets in Resources */,
				D387C6461C6758BE0002F142 /* Main.storyboard in Resources */,
			);
			runOnlyForDeploymentPostprocessing = 0;
		};
		D387C64F1C6758BE0002F142 /* Resources */ = {
			isa = PBXResourcesBuildPhase;
			buildActionMask = 2147483647;
			files = (
			);
			runOnlyForDeploymentPostprocessing = 0;
		};
		D387C65A1C6758BE0002F142 /* Resources */ = {
			isa = PBXResourcesBuildPhase;
			buildActionMask = 2147483647;
			files = (
			);
			runOnlyForDeploymentPostprocessing = 0;
		};
/* End PBXResourcesBuildPhase section */

/* Begin PBXSourcesBuildPhase section */
		D387C6391C6758BE0002F142 /* Sources */ = {
			isa = PBXSourcesBuildPhase;
			buildActionMask = 2147483647;
			files = (
				D387C6431C6758BE0002F142 /* ViewController.swift in Sources */,
				D387C6411C6758BE0002F142 /* AppDelegate.swift in Sources */,
			);
			runOnlyForDeploymentPostprocessing = 0;
		};
		D387C64D1C6758BE0002F142 /* Sources */ = {
			isa = PBXSourcesBuildPhase;
			buildActionMask = 2147483647;
			files = (
				D387C6561C6758BE0002F142 /* newAppTests.swift in Sources */,
			);
			runOnlyForDeploymentPostprocessing = 0;
		};
		D387C6581C6758BE0002F142 /* Sources */ = {
			isa = PBXSourcesBuildPhase;
			buildActionMask = 2147483647;
			files = (
				D387C6611C6758BE0002F142 /* newAppUITests.swift in Sources */,
			);
			runOnlyForDeploymentPostprocessing = 0;
		};
/* End PBXSourcesBuildPhase section */

/* Begin PBXTargetDependency section */
		D387C6531C6758BE0002F142 /* PBXTargetDependency */ = {
			isa = PBXTargetDependency;
			target = D387C63C1C6758BE0002F142 /* newApp */;
			targetProxy = D387C6521C6758BE0002F142 /* PBXContainerItemProxy */;
		};
		D387C65E1C6758BE0002F142 /* PBXTargetDependency */ = {
			isa = PBXTargetDependency;
			target = D387C63C1C6758BE0002F142 /* newApp */;
			targetProxy = D387C65D1C6758BE0002F142 /* PBXContainerItemProxy */;
		};
/* End PBXTargetDependency section */

/* Begin PBXVariantGroup section */
		D387C6441C6758BE0002F142 /* Main.storyboard */ = {
			isa = PBXVariantGroup;
			children = (
				D387C6451C6758BE0002F142 /* Base */,
			);
			name = Main.storyboard;
			sourceTree = "<group>";
		};
		D387C6491C6758BE0002F142 /* LaunchScreen.storyboard */ = {
			isa = PBXVariantGroup;
			children = (
				D387C64A1C6758BE0002F142 /* Base */,
			);
			name = LaunchScreen.storyboard;
			sourceTree = "<group>";
		};
/* End PBXVariantGroup section */

/* Begin XCBuildConfiguration section */
		D387C6631C6758BE0002F142 /* Debug */ = {
			isa = XCBuildConfiguration;
			buildSettings = {
				ALWAYS_SEARCH_USER_PATHS = NO;
				CLANG_CXX_LANGUAGE_STANDARD = "gnu++0x";
				CLANG_CXX_LIBRARY = "libc++";
				CLANG_ENABLE_MODULES = YES;
				CLANG_ENABLE_OBJC_ARC = YES;
				CLANG_WARN_BOOL_CONVERSION = YES;
				CLANG_WARN_CONSTANT_CONVERSION = YES;
				CLANG_WARN_DIRECT_OBJC_ISA_USAGE = YES_ERROR;
				CLANG_WARN_EMPTY_BODY = YES;
				CLANG_WARN_ENUM_CONVERSION = YES;
				CLANG_WARN_INT_CONVERSION = YES;
				CLANG_WARN_OBJC_ROOT_CLASS = YES_ERROR;
				CLANG_WARN_UNREACHABLE_CODE = YES;
				CLANG_WARN__DUPLICATE_METHOD_MATCH = YES;
				"CODE_SIGN_IDENTITY[sdk=iphoneos*]" = "iPhone Developer";
				COPY_PHASE_STRIP = NO;
				DEBUG_INFORMATION_FORMAT = dwarf;
				ENABLE_STRICT_OBJC_MSGSEND = YES;
				ENABLE_TESTABILITY = YES;
				GCC_C_LANGUAGE_STANDARD = gnu99;
				GCC_DYNAMIC_NO_PIC = NO;
				GCC_NO_COMMON_BLOCKS = YES;
				GCC_OPTIMIZATION_LEVEL = 0;
				GCC_PREPROCESSOR_DEFINITIONS = (
					"DEBUG=1",
					"$(inherited)",
				);
				GCC_WARN_64_TO_32_BIT_CONVERSION = YES;
				GCC_WARN_ABOUT_RETURN_TYPE = YES_ERROR;
				GCC_WARN_UNDECLARED_SELECTOR = YES;
				GCC_WARN_UNINITIALIZED_AUTOS = YES_AGGRESSIVE;
				GCC_WARN_UNUSED_FUNCTION = YES;
				GCC_WARN_UNUSED_VARIABLE = YES;
				IPHONEOS_DEPLOYMENT_TARGET = 9.2;
				MTL_ENABLE_DEBUG_INFO = YES;
				ONLY_ACTIVE_ARCH = YES;
				SDKROOT = iphoneos;
				SWIFT_OPTIMIZATION_LEVEL = "-Onone";
			};
			name = Debug;
		};
		D387C6641C6758BE0002F142 /* Release */ = {
			isa = XCBuildConfiguration;
			buildSettings = {
				ALWAYS_SEARCH_USER_PATHS = NO;
				CLANG_CXX_LANGUAGE_STANDARD = "gnu++0x";
				CLANG_CXX_LIBRARY = "libc++";
				CLANG_ENABLE_MODULES = YES;
				CLANG_ENABLE_OBJC_ARC = YES;
				CLANG_WARN_BOOL_CONVERSION = YES;
				CLANG_WARN_CONSTANT_CONVERSION = YES;
				CLANG_WARN_DIRECT_OBJC_ISA_USAGE = YES_ERROR;
				CLANG_WARN_EMPTY_BODY = YES;
				CLANG_WARN_ENUM_CONVERSION = YES;
				CLANG_WARN_INT_CONVERSION = YES;
				CLANG_WARN_OBJC_ROOT_CLASS = YES_ERROR;
				CLANG_WARN_UNREACHABLE_CODE = YES;
				CLANG_WARN__DUPLICATE_METHOD_MATCH = YES;
				"CODE_SIGN_IDENTITY[sdk=iphoneos*]" = "iPhone Developer";
				COPY_PHASE_STRIP = NO;
				DEBUG_INFORMATION_FORMAT = "dwarf-with-dsym";
				ENABLE_NS_ASSERTIONS = NO;
				ENABLE_STRICT_OBJC_MSGSEND = YES;
				GCC_C_LANGUAGE_STANDARD = gnu99;
				GCC_NO_COMMON_BLOCKS = YES;
				GCC_WARN_64_TO_32_BIT_CONVERSION = YES;
				GCC_WARN_ABOUT_RETURN_TYPE = YES_ERROR;
				GCC_WARN_UNDECLARED_SELECTOR = YES;
				GCC_WARN_UNINITIALIZED_AUTOS = YES_AGGRESSIVE;
				GCC_WARN_UNUSED_FUNCTION = YES;
				GCC_WARN_UNUSED_VARIABLE = YES;
				IPHONEOS_DEPLOYMENT_TARGET = 9.2;
				MTL_ENABLE_DEBUG_INFO = NO;
				SDKROOT = iphoneos;
				VALIDATE_PRODUCT = YES;
			};
			name = Release;
		};
		D387C6661C6758BE0002F142 /* Debug */ = {
			isa = XCBuildConfiguration;
			buildSettings = {
				ASSETCATALOG_COMPILER_APPICON_NAME = AppIcon;
				INFOPLIST_FILE = newApp/Info.plist;
				LD_RUNPATH_SEARCH_PATHS = "$(inherited) @executable_path/Frameworks";
				PRODUCT_BUNDLE_IDENTIFIER = com.BrianNguyen.newApp;
				PRODUCT_NAME = "$(TARGET_NAME)";
			};
			name = Debug;
		};
		D387C6671C6758BE0002F142 /* Release */ = {
			isa = XCBuildConfiguration;
			buildSettings = {
				ASSETCATALOG_COMPILER_APPICON_NAME = AppIcon;
				INFOPLIST_FILE = newApp/Info.plist;
				LD_RUNPATH_SEARCH_PATHS = "$(inherited) @executable_path/Frameworks";
				PRODUCT_BUNDLE_IDENTIFIER = com.BrianNguyen.newApp;
				PRODUCT_NAME = "$(TARGET_NAME)";
			};
			name = Release;
		};
		D387C6691C6758BE0002F142 /* Debug */ = {
			isa = XCBuildConfiguration;
			buildSettings = {
				BUNDLE_LOADER = "$(TEST_HOST)";
				INFOPLIST_FILE = newAppTests/Info.plist;
				LD_RUNPATH_SEARCH_PATHS = "$(inherited) @executable_path/Frameworks @loader_path/Frameworks";
				PRODUCT_BUNDLE_IDENTIFIER = com.BrianNguyen.newAppTests;
				PRODUCT_NAME = "$(TARGET_NAME)";
				TEST_HOST = "$(BUILT_PRODUCTS_DIR)/newApp.app/newApp";
			};
			name = Debug;
		};
		D387C66A1C6758BE0002F142 /* Release */ = {
			isa = XCBuildConfiguration;
			buildSettings = {
				BUNDLE_LOADER = "$(TEST_HOST)";
				INFOPLIST_FILE = newAppTests/Info.plist;
				LD_RUNPATH_SEARCH_PATHS = "$(inherited) @executable_path/Frameworks @loader_path/Frameworks";
				PRODUCT_BUNDLE_IDENTIFIER = com.BrianNguyen.newAppTests;
				PRODUCT_NAME = "$(TARGET_NAME)";
				TEST_HOST = "$(BUILT_PRODUCTS_DIR)/newApp.app/newApp";
			};
			name = Release;
		};
		D387C66C1C6758BE0002F142 /* Debug */ = {
			isa = XCBuildConfiguration;
			buildSettings = {
				INFOPLIST_FILE = newAppUITests/Info.plist;
				LD_RUNPATH_SEARCH_PATHS = "$(inherited) @executable_path/Frameworks @loader_path/Frameworks";
				PRODUCT_BUNDLE_IDENTIFIER = com.BrianNguyen.newAppUITests;
				PRODUCT_NAME = "$(TARGET_NAME)";
				TEST_TARGET_NAME = newApp;
				USES_XCTRUNNER = YES;
			};
			name = Debug;
		};
		D387C66D1C6758BE0002F142 /* Release */ = {
			isa = XCBuildConfiguration;
			buildSettings = {
				INFOPLIST_FILE = newAppUITests/Info.plist;
				LD_RUNPATH_SEARCH_PATHS = "$(inherited) @executable_path/Frameworks @loader_path/Frameworks";
				PRODUCT_BUNDLE_IDENTIFIER = com.BrianNguyen.newAppUITests;
				PRODUCT_NAME = "$(TARGET_NAME)";
				TEST_TARGET_NAME = newApp;
				USES_XCTRUNNER = YES;
			};
			name = Release;
		};
/* End XCBuildConfiguration section */

/* Begin XCConfigurationList section */
		D387C6381C6758BE0002F142 /* Build configuration list for PBXProject "newApp" */ = {
			isa = XCConfigurationList;
			buildConfigurations = (
				D387C6631C6758BE0002F142 /* Debug */,
				D387C6641C6758BE0002F142 /* Release */,
			);
			defaultConfigurationIsVisible = 0;
			defaultConfigurationName = Release;
		};
		D387C6651C6758BE0002F142 /* Build configuration list for PBXNativeTarget "newApp" */ = {
			isa = XCConfigurationList;
			buildConfigurations = (
				D387C6661C6758BE0002F142 /* Debug */,
				D387C6671C6758BE0002F142 /* Release */,
			);
			defaultConfigurationIsVisible = 0;
		};
		D387C6681C6758BE0002F142 /* Build configuration list for PBXNativeTarget "newAppTests" */ = {
			isa = XCConfigurationList;
			buildConfigurations = (
				D387C6691C6758BE0002F142 /* Debug */,
				D387C66A1C6758BE0002F142 /* Release */,
			);
			defaultConfigurationIsVisible = 0;
		};
		D387C66B1C6758BE0002F142 /* Build configuration list for PBXNativeTarget "newAppUITests" */ = {
			isa = XCConfigurationList;
			buildConfigurations = (
				D387C66C1C6758BE0002F142 /* Debug */,
				D387C66D1C6758BE0002F142 /* Release */,
			);
			defaultConfigurationIsVisible = 0;
		};
/* End XCConfigurationList section */
	};
	rootObject = D387C6351C6758BE0002F142 /* Project object */;
}
